// !$*UTF8*$!
{
	archiveVersion = 1;
	classes = {
	};
	objectVersion = 46;
	objects = {

/* Begin PBXBuildFile section */
		1303813A1AC4D6B4000C5612 /* JuegoViewController.m in Sources */ = {isa = PBXBuildFile; fileRef = 130381391AC4D6B4000C5612 /* JuegoViewController.m */; };
		1303813D1AC4D7A4000C5612 /* ScoresViewController.m in Sources */ = {isa = PBXBuildFile; fileRef = 1303813C1AC4D7A4000C5612 /* ScoresViewController.m */; };
		13159FC11AC228D30038084B /* main.m in Sources */ = {isa = PBXBuildFile; fileRef = 13159FC01AC228D30038084B /* main.m */; };
		13159FC41AC228D30038084B /* AppDelegate.m in Sources */ = {isa = PBXBuildFile; fileRef = 13159FC31AC228D30038084B /* AppDelegate.m */; };
		13159FCA1AC228D30038084B /* Main.storyboard in Resources */ = {isa = PBXBuildFile; fileRef = 13159FC81AC228D30038084B /* Main.storyboard */; };
		13159FCC1AC228D30038084B /* Images.xcassets in Resources */ = {isa = PBXBuildFile; fileRef = 13159FCB1AC228D30038084B /* Images.xcassets */; };
		13159FCF1AC228D30038084B /* LaunchScreen.xib in Resources */ = {isa = PBXBuildFile; fileRef = 13159FCD1AC228D30038084B /* LaunchScreen.xib */; };
		13159FDB1AC228D30038084B /* Proyecto_FinalTests.m in Sources */ = {isa = PBXBuildFile; fileRef = 13159FDA1AC228D30038084B /* Proyecto_FinalTests.m */; };
		133E2EED1AD1B811001F29A3 /* Elementos.plist in Resources */ = {isa = PBXBuildFile; fileRef = 133E2EEC1AD1B811001F29A3 /* Elementos.plist */; };
		133E2EEF1AD1B98E001F29A3 /* Categorias.plist in Resources */ = {isa = PBXBuildFile; fileRef = 133E2EEE1AD1B98E001F29A3 /* Categorias.plist */; };
		139F02221AD5E6D9007358C9 /* celda.m in Sources */ = {isa = PBXBuildFile; fileRef = 139F02211AD5E6D9007358C9 /* celda.m */; };
		13A97C141AC9C2FC00328706 /* Partida.plist in Resources */ = {isa = PBXBuildFile; fileRef = 13A97C131AC9C2FC00328706 /* Partida.plist */; };
		7DF2441A1AE658D3007DAA2B /* Dificultades.plist in Resources */ = {isa = PBXBuildFile; fileRef = 7DF244191AE658D3007DAA2B /* Dificultades.plist */; };
		7DF2441D1AE65EE9007DAA2B /* DificultadViewController.m in Sources */ = {isa = PBXBuildFile; fileRef = 7DF2441C1AE65EE9007DAA2B /* DificultadViewController.m */; };
		7DF244201AE65F88007DAA2B /* CategoriaViewController.m in Sources */ = {isa = PBXBuildFile; fileRef = 7DF2441F1AE65F88007DAA2B /* CategoriaViewController.m */; };
		7DF244261AE66C6F007DAA2B /* MenuViewController.m in Sources */ = {isa = PBXBuildFile; fileRef = 7DF244251AE66C6F007DAA2B /* MenuViewController.m */; };
		FB92C2251AC34DE70021C171 /* Bomb.png in Resources */ = {isa = PBXBuildFile; fileRef = FB92C2241AC34DE70021C171 /* Bomb.png */; };
/* End PBXBuildFile section */

/* Begin PBXContainerItemProxy section */
		13159FD51AC228D30038084B /* PBXContainerItemProxy */ = {
			isa = PBXContainerItemProxy;
			containerPortal = 13159FB31AC228D30038084B /* Project object */;
			proxyType = 1;
			remoteGlobalIDString = 13159FBA1AC228D30038084B;
			remoteInfo = "Proyecto Final";
		};
/* End PBXContainerItemProxy section */

/* Begin PBXFileReference section */
		130381381AC4D6B4000C5612 /* JuegoViewController.h */ = {isa = PBXFileReference; fileEncoding = 4; lastKnownFileType = sourcecode.c.h; path = JuegoViewController.h; sourceTree = "<group>"; };
		130381391AC4D6B4000C5612 /* JuegoViewController.m */ = {isa = PBXFileReference; fileEncoding = 4; lastKnownFileType = sourcecode.c.objc; path = JuegoViewController.m; sourceTree = "<group>"; };
		1303813B1AC4D7A4000C5612 /* ScoresViewController.h */ = {isa = PBXFileReference; fileEncoding = 4; lastKnownFileType = sourcecode.c.h; path = ScoresViewController.h; sourceTree = "<group>"; };
		1303813C1AC4D7A4000C5612 /* ScoresViewController.m */ = {isa = PBXFileReference; fileEncoding = 4; lastKnownFileType = sourcecode.c.objc; path = ScoresViewController.m; sourceTree = "<group>"; };
		13159FBB1AC228D30038084B /* Proyecto Final.app */ = {isa = PBXFileReference; explicitFileType = wrapper.application; includeInIndex = 0; path = "Proyecto Final.app"; sourceTree = BUILT_PRODUCTS_DIR; };
		13159FBF1AC228D30038084B /* Info.plist */ = {isa = PBXFileReference; lastKnownFileType = text.plist.xml; path = Info.plist; sourceTree = "<group>"; };
		13159FC01AC228D30038084B /* main.m */ = {isa = PBXFileReference; lastKnownFileType = sourcecode.c.objc; path = main.m; sourceTree = "<group>"; };
		13159FC21AC228D30038084B /* AppDelegate.h */ = {isa = PBXFileReference; lastKnownFileType = sourcecode.c.h; path = AppDelegate.h; sourceTree = "<group>"; };
		13159FC31AC228D30038084B /* AppDelegate.m */ = {isa = PBXFileReference; lastKnownFileType = sourcecode.c.objc; path = AppDelegate.m; sourceTree = "<group>"; };
		13159FC91AC228D30038084B /* Base */ = {isa = PBXFileReference; lastKnownFileType = file.storyboard; name = Base; path = Base.lproj/Main.storyboard; sourceTree = "<group>"; };
		13159FCB1AC228D30038084B /* Images.xcassets */ = {isa = PBXFileReference; lastKnownFileType = folder.assetcatalog; path = Images.xcassets; sourceTree = "<group>"; };
		13159FCE1AC228D30038084B /* Base */ = {isa = PBXFileReference; lastKnownFileType = file.xib; name = Base; path = Base.lproj/LaunchScreen.xib; sourceTree = "<group>"; };
		13159FD41AC228D30038084B /* Proyecto FinalTests.xctest */ = {isa = PBXFileReference; explicitFileType = wrapper.cfbundle; includeInIndex = 0; path = "Proyecto FinalTests.xctest"; sourceTree = BUILT_PRODUCTS_DIR; };
		13159FD91AC228D30038084B /* Info.plist */ = {isa = PBXFileReference; lastKnownFileType = text.plist.xml; path = Info.plist; sourceTree = "<group>"; };
		13159FDA1AC228D30038084B /* Proyecto_FinalTests.m */ = {isa = PBXFileReference; lastKnownFileType = sourcecode.c.objc; path = Proyecto_FinalTests.m; sourceTree = "<group>"; };
		133E2EEC1AD1B811001F29A3 /* Elementos.plist */ = {isa = PBXFileReference; fileEncoding = 4; lastKnownFileType = text.plist.xml; path = Elementos.plist; sourceTree = "<group>"; };
		133E2EEE1AD1B98E001F29A3 /* Categorias.plist */ = {isa = PBXFileReference; fileEncoding = 4; lastKnownFileType = text.plist.xml; path = Categorias.plist; sourceTree = "<group>"; };
		139F02201AD5E6D9007358C9 /* celda.h */ = {isa = PBXFileReference; fileEncoding = 4; lastKnownFileType = sourcecode.c.h; path = celda.h; sourceTree = "<group>"; };
		139F02211AD5E6D9007358C9 /* celda.m */ = {isa = PBXFileReference; fileEncoding = 4; lastKnownFileType = sourcecode.c.objc; path = celda.m; sourceTree = "<group>"; };
		13A97C131AC9C2FC00328706 /* Partida.plist */ = {isa = PBXFileReference; fileEncoding = 4; lastKnownFileType = text.plist.xml; path = Partida.plist; sourceTree = "<group>"; };
		7DF244191AE658D3007DAA2B /* Dificultades.plist */ = {isa = PBXFileReference; fileEncoding = 4; lastKnownFileType = text.plist.xml; path = Dificultades.plist; sourceTree = "<group>"; };
		7DF2441B1AE65EE9007DAA2B /* DificultadViewController.h */ = {isa = PBXFileReference; fileEncoding = 4; lastKnownFileType = sourcecode.c.h; path = DificultadViewController.h; sourceTree = "<group>"; };
		7DF2441C1AE65EE9007DAA2B /* DificultadViewController.m */ = {isa = PBXFileReference; fileEncoding = 4; lastKnownFileType = sourcecode.c.objc; path = DificultadViewController.m; sourceTree = "<group>"; };
		7DF2441E1AE65F88007DAA2B /* CategoriaViewController.h */ = {isa = PBXFileReference; fileEncoding = 4; lastKnownFileType = sourcecode.c.h; path = CategoriaViewController.h; sourceTree = "<group>"; };
		7DF2441F1AE65F88007DAA2B /* CategoriaViewController.m */ = {isa = PBXFileReference; fileEncoding = 4; lastKnownFileType = sourcecode.c.objc; path = CategoriaViewController.m; sourceTree = "<group>"; };
		7DF244241AE66C6F007DAA2B /* MenuViewController.h */ = {isa = PBXFileReference; fileEncoding = 4; lastKnownFileType = sourcecode.c.h; path = MenuViewController.h; sourceTree = "<group>"; };
		7DF244251AE66C6F007DAA2B /* MenuViewController.m */ = {isa = PBXFileReference; fileEncoding = 4; lastKnownFileType = sourcecode.c.objc; path = MenuViewController.m; sourceTree = "<group>"; };
		FB92C2241AC34DE70021C171 /* Bomb.png */ = {isa = PBXFileReference; lastKnownFileType = image.png; path = Bomb.png; sourceTree = "<group>"; };
/* End PBXFileReference section */

/* Begin PBXFrameworksBuildPhase section */
		13159FB81AC228D30038084B /* Frameworks */ = {
			isa = PBXFrameworksBuildPhase;
			buildActionMask = 2147483647;
			files = (
			);
			runOnlyForDeploymentPostprocessing = 0;
		};
		13159FD11AC228D30038084B /* Frameworks */ = {
			isa = PBXFrameworksBuildPhase;
			buildActionMask = 2147483647;
			files = (
			);
			runOnlyForDeploymentPostprocessing = 0;
		};
/* End PBXFrameworksBuildPhase section */

/* Begin PBXGroup section */
		13159FB21AC228D30038084B = {
			isa = PBXGroup;
			children = (
				13159FBD1AC228D30038084B /* Proyecto Final */,
				13159FD71AC228D30038084B /* Proyecto FinalTests */,
				13159FBC1AC228D30038084B /* Products */,
			);
			sourceTree = "<group>";
		};
		13159FBC1AC228D30038084B /* Products */ = {
			isa = PBXGroup;
			children = (
				13159FBB1AC228D30038084B /* Proyecto Final.app */,
				13159FD41AC228D30038084B /* Proyecto FinalTests.xctest */,
			);
			name = Products;
			sourceTree = "<group>";
		};
		13159FBD1AC228D30038084B /* Proyecto Final */ = {
			isa = PBXGroup;
			children = (
				13159FC21AC228D30038084B /* AppDelegate.h */,
				13159FC31AC228D30038084B /* AppDelegate.m */,
				139F02201AD5E6D9007358C9 /* celda.h */,
				139F02211AD5E6D9007358C9 /* celda.m */,
				130381381AC4D6B4000C5612 /* JuegoViewController.h */,
				130381391AC4D6B4000C5612 /* JuegoViewController.m */,
				7DF2441B1AE65EE9007DAA2B /* DificultadViewController.h */,
				7DF2441C1AE65EE9007DAA2B /* DificultadViewController.m */,
				7DF2441E1AE65F88007DAA2B /* CategoriaViewController.h */,
				7DF2441F1AE65F88007DAA2B /* CategoriaViewController.m */,
				13159FC81AC228D30038084B /* Main.storyboard */,
				7DF244241AE66C6F007DAA2B /* MenuViewController.h */,
				7DF244251AE66C6F007DAA2B /* MenuViewController.m */,
				13A97C131AC9C2FC00328706 /* Partida.plist */,
				133E2EEC1AD1B811001F29A3 /* Elementos.plist */,
				133E2EEE1AD1B98E001F29A3 /* Categorias.plist */,
				7DF244191AE658D3007DAA2B /* Dificultades.plist */,
				1303813B1AC4D7A4000C5612 /* ScoresViewController.h */,
				1303813C1AC4D7A4000C5612 /* ScoresViewController.m */,
				13159FCB1AC228D30038084B /* Images.xcassets */,
				13159FCD1AC228D30038084B /* LaunchScreen.xib */,
				FB92C2241AC34DE70021C171 /* Bomb.png */,
				13159FBE1AC228D30038084B /* Supporting Files */,
			);
			path = "Proyecto Final";
			sourceTree = "<group>";
		};
		13159FBE1AC228D30038084B /* Supporting Files */ = {
			isa = PBXGroup;
			children = (
				13159FBF1AC228D30038084B /* Info.plist */,
				13159FC01AC228D30038084B /* main.m */,
			);
			name = "Supporting Files";
			sourceTree = "<group>";
		};
		13159FD71AC228D30038084B /* Proyecto FinalTests */ = {
			isa = PBXGroup;
			children = (
				13159FDA1AC228D30038084B /* Proyecto_FinalTests.m */,
				13159FD81AC228D30038084B /* Supporting Files */,
			);
			path = "Proyecto FinalTests";
			sourceTree = "<group>";
		};
		13159FD81AC228D30038084B /* Supporting Files */ = {
			isa = PBXGroup;
			children = (
				13159FD91AC228D30038084B /* Info.plist */,
			);
			name = "Supporting Files";
			sourceTree = "<group>";
		};
/* End PBXGroup section */

/* Begin PBXNativeTarget section */
		13159FBA1AC228D30038084B /* Proyecto Final */ = {
			isa = PBXNativeTarget;
			buildConfigurationList = 13159FDE1AC228D30038084B /* Build configuration list for PBXNativeTarget "Proyecto Final" */;
			buildPhases = (
				13159FB71AC228D30038084B /* Sources */,
				13159FB81AC228D30038084B /* Frameworks */,
				13159FB91AC228D30038084B /* Resources */,
			);
			buildRules = (
			);
			dependencies = (
			);
			name = "Proyecto Final";
			productName = "Proyecto Final";
			productReference = 13159FBB1AC228D30038084B /* Proyecto Final.app */;
			productType = "com.apple.product-type.application";
		};
		13159FD31AC228D30038084B /* Proyecto FinalTests */ = {
			isa = PBXNativeTarget;
			buildConfigurationList = 13159FE11AC228D30038084B /* Build configuration list for PBXNativeTarget "Proyecto FinalTests" */;
			buildPhases = (
				13159FD01AC228D30038084B /* Sources */,
				13159FD11AC228D30038084B /* Frameworks */,
				13159FD21AC228D30038084B /* Resources */,
			);
			buildRules = (
			);
			dependencies = (
				13159FD61AC228D30038084B /* PBXTargetDependency */,
			);
			name = "Proyecto FinalTests";
			productName = "Proyecto FinalTests";
			productReference = 13159FD41AC228D30038084B /* Proyecto FinalTests.xctest */;
			productType = "com.apple.product-type.bundle.unit-test";
		};
/* End PBXNativeTarget section */

/* Begin PBXProject section */
		13159FB31AC228D30038084B /* Project object */ = {
			isa = PBXProject;
			attributes = {
				LastUpgradeCheck = 0620;
				ORGANIZATIONNAME = "Iker Arbulu Lozano";
				TargetAttributes = {
					13159FBA1AC228D30038084B = {
						CreatedOnToolsVersion = 6.2;
					};
					13159FD31AC228D30038084B = {
						CreatedOnToolsVersion = 6.2;
						TestTargetID = 13159FBA1AC228D30038084B;
					};
				};
			};
			buildConfigurationList = 13159FB61AC228D30038084B /* Build configuration list for PBXProject "Proyecto Final" */;
			compatibilityVersion = "Xcode 3.2";
			developmentRegion = English;
			hasScannedForEncodings = 0;
			knownRegions = (
				en,
				Base,
			);
			mainGroup = 13159FB21AC228D30038084B;
			productRefGroup = 13159FBC1AC228D30038084B /* Products */;
			projectDirPath = "";
			projectRoot = "";
			targets = (
				13159FBA1AC228D30038084B /* Proyecto Final */,
				13159FD31AC228D30038084B /* Proyecto FinalTests */,
			);
		};
/* End PBXProject section */

/* Begin PBXResourcesBuildPhase section */
		13159FB91AC228D30038084B /* Resources */ = {
			isa = PBXResourcesBuildPhase;
			buildActionMask = 2147483647;
			files = (
				13159FCA1AC228D30038084B /* Main.storyboard in Resources */,
				13A97C141AC9C2FC00328706 /* Partida.plist in Resources */,
				13159FCF1AC228D30038084B /* LaunchScreen.xib in Resources */,
				133E2EEF1AD1B98E001F29A3 /* Categorias.plist in Resources */,
				13159FCC1AC228D30038084B /* Images.xcassets in Resources */,
				7DF2441A1AE658D3007DAA2B /* Dificultades.plist in Resources */,
				FB92C2251AC34DE70021C171 /* Bomb.png in Resources */,
				133E2EED1AD1B811001F29A3 /* Elementos.plist in Resources */,
			);
			runOnlyForDeploymentPostprocessing = 0;
		};
		13159FD21AC228D30038084B /* Resources */ = {
			isa = PBXResourcesBuildPhase;
			buildActionMask = 2147483647;
			files = (
			);
			runOnlyForDeploymentPostprocessing = 0;
		};
/* End PBXResourcesBuildPhase section */

/* Begin PBXSourcesBuildPhase section */
		13159FB71AC228D30038084B /* Sources */ = {
			isa = PBXSourcesBuildPhase;
			buildActionMask = 2147483647;
			files = (
				1303813D1AC4D7A4000C5612 /* ScoresViewController.m in Sources */,
				7DF244201AE65F88007DAA2B /* CategoriaViewController.m in Sources */,
				1303813A1AC4D6B4000C5612 /* JuegoViewController.m in Sources */,
				7DF244261AE66C6F007DAA2B /* MenuViewController.m in Sources */,
				139F02221AD5E6D9007358C9 /* celda.m in Sources */,
				7DF2441D1AE65EE9007DAA2B /* DificultadViewController.m in Sources */,
				13159FC41AC228D30038084B /* AppDelegate.m in Sources */,
				13159FC11AC228D30038084B /* main.m in Sources */,
			);
			runOnlyForDeploymentPostprocessing = 0;
		};
		13159FD01AC228D30038084B /* Sources */ = {
			isa = PBXSourcesBuildPhase;
			buildActionMask = 2147483647;
			files = (
				13159FDB1AC228D30038084B /* Proyecto_FinalTests.m in Sources */,
			);
			runOnlyForDeploymentPostprocessing = 0;
		};
/* End PBXSourcesBuildPhase section */

/* Begin PBXTargetDependency section */
		13159FD61AC228D30038084B /* PBXTargetDependency */ = {
			isa = PBXTargetDependency;
			target = 13159FBA1AC228D30038084B /* Proyecto Final */;
			targetProxy = 13159FD51AC228D30038084B /* PBXContainerItemProxy */;
		};
/* End PBXTargetDependency section */

/* Begin PBXVariantGroup section */
		13159FC81AC228D30038084B /* Main.storyboard */ = {
			isa = PBXVariantGroup;
			children = (
				13159FC91AC228D30038084B /* Base */,
			);
			name = Main.storyboard;
			sourceTree = "<group>";
		};
		13159FCD1AC228D30038084B /* LaunchScreen.xib */ = {
			isa = PBXVariantGroup;
			children = (
				13159FCE1AC228D30038084B /* Base */,
			);
			name = LaunchScreen.xib;
			sourceTree = "<group>";
		};
/* End PBXVariantGroup section */

/* Begin XCBuildConfiguration section */
		13159FDC1AC228D30038084B /* Debug */ = {
			isa = XCBuildConfiguration;
			buildSettings = {
				ALWAYS_SEARCH_USER_PATHS = NO;
				CLANG_CXX_LANGUAGE_STANDARD = "gnu++0x";
				CLANG_CXX_LIBRARY = "libc++";
				CLANG_ENABLE_MODULES = YES;
				CLANG_ENABLE_OBJC_ARC = YES;
				CLANG_WARN_BOOL_CONVERSION = YES;
				CLANG_WARN_CONSTANT_CONVERSION = YES;
				CLANG_WARN_DIRECT_OBJC_ISA_USAGE = YES_ERROR;
				CLANG_WARN_EMPTY_BODY = YES;
				CLANG_WARN_ENUM_CONVERSION = YES;
				CLANG_WARN_INT_CONVERSION = YES;
				CLANG_WARN_OBJC_ROOT_CLASS = YES_ERROR;
				CLANG_WARN_UNREACHABLE_CODE = YES;
				CLANG_WARN__DUPLICATE_METHOD_MATCH = YES;
				"CODE_SIGN_IDENTITY[sdk=iphoneos*]" = "iPhone Developer";
				COPY_PHASE_STRIP = NO;
				ENABLE_STRICT_OBJC_MSGSEND = YES;
				GCC_C_LANGUAGE_STANDARD = gnu99;
				GCC_DYNAMIC_NO_PIC = NO;
				GCC_OPTIMIZATION_LEVEL = 0;
				GCC_PREPROCESSOR_DEFINITIONS = (
					"DEBUG=1",
					"$(inherited)",
				);
				GCC_SYMBOLS_PRIVATE_EXTERN = NO;
				GCC_WARN_64_TO_32_BIT_CONVERSION = YES;
				GCC_WARN_ABOUT_RETURN_TYPE = YES_ERROR;
				GCC_WARN_UNDECLARED_SELECTOR = YES;
				GCC_WARN_UNINITIALIZED_AUTOS = YES_AGGRESSIVE;
				GCC_WARN_UNUSED_FUNCTION = YES;
				GCC_WARN_UNUSED_VARIABLE = YES;
				IPHONEOS_DEPLOYMENT_TARGET = 8.2;
				MTL_ENABLE_DEBUG_INFO = YES;
				ONLY_ACTIVE_ARCH = YES;
				SDKROOT = iphoneos;
			};
			name = Debug;
		};
		13159FDD1AC228D30038084B /* Release */ = {
			isa = XCBuildConfiguration;
			buildSettings = {
				ALWAYS_SEARCH_USER_PATHS = NO;
				CLANG_CXX_LANGUAGE_STANDARD = "gnu++0x";
				CLANG_CXX_LIBRARY = "libc++";
				CLANG_ENABLE_MODULES = YES;
				CLANG_ENABLE_OBJC_ARC = YES;
				CLANG_WARN_BOOL_CONVERSION = YES;
				CLANG_WARN_CONSTANT_CONVERSION = YES;
				CLANG_WARN_DIRECT_OBJC_ISA_USAGE = YES_ERROR;
				CLANG_WARN_EMPTY_BODY = YES;
				CLANG_WARN_ENUM_CONVERSION = YES;
				CLANG_WARN_INT_CONVERSION = YES;
				CLANG_WARN_OBJC_ROOT_CLASS = YES_ERROR;
				CLANG_WARN_UNREACHABLE_CODE = YES;
				CLANG_WARN__DUPLICATE_METHOD_MATCH = YES;
				"CODE_SIGN_IDENTITY[sdk=iphoneos*]" = "iPhone Developer";
				COPY_PHASE_STRIP = NO;
				ENABLE_NS_ASSERTIONS = NO;
				ENABLE_STRICT_OBJC_MSGSEND = YES;
				GCC_C_LANGUAGE_STANDARD = gnu99;
				GCC_WARN_64_TO_32_BIT_CONVERSION = YES;
				GCC_WARN_ABOUT_RETURN_TYPE = YES_ERROR;
				GCC_WARN_UNDECLARED_SELECTOR = YES;
				GCC_WARN_UNINITIALIZED_AUTOS = YES_AGGRESSIVE;
				GCC_WARN_UNUSED_FUNCTION = YES;
				GCC_WARN_UNUSED_VARIABLE = YES;
				IPHONEOS_DEPLOYMENT_TARGET = 8.2;
				MTL_ENABLE_DEBUG_INFO = NO;
				SDKROOT = iphoneos;
				VALIDATE_PRODUCT = YES;
			};
			name = Release;
		};
		13159FDF1AC228D30038084B /* Debug */ = {
			isa = XCBuildConfiguration;
			buildSettings = {
				ASSETCATALOG_COMPILER_APPICON_NAME = AppIcon;
				CODE_SIGN_IDENTITY = "iPhone Developer";
				INFOPLIST_FILE = "Proyecto Final/Info.plist";
				IPHONEOS_DEPLOYMENT_TARGET = 8.1;
				LD_RUNPATH_SEARCH_PATHS = "$(inherited) @executable_path/Frameworks";
				PRODUCT_NAME = "$(TARGET_NAME)";
				TARGETED_DEVICE_FAMILY = 1;
			};
			name = Debug;
		};
		13159FE01AC228D30038084B /* Release */ = {
			isa = XCBuildConfiguration;
			buildSettings = {
				ASSETCATALOG_COMPILER_APPICON_NAME = AppIcon;
				CODE_SIGN_IDENTITY = "iPhone Developer";
				INFOPLIST_FILE = "Proyecto Final/Info.plist";
				IPHONEOS_DEPLOYMENT_TARGET = 8.1;
				LD_RUNPATH_SEARCH_PATHS = "$(inherited) @executable_path/Frameworks";
				PRODUCT_NAME = "$(TARGET_NAME)";
				TARGETED_DEVICE_FAMILY = 1;
			};
			name = Release;
		};
		13159FE21AC228D30038084B /* Debug */ = {
			isa = XCBuildConfiguration;
			buildSettings = {
				BUNDLE_LOADER = "$(TEST_HOST)";
				FRAMEWORK_SEARCH_PATHS = (
					"$(SDKROOT)/Developer/Library/Frameworks",
					"$(inherited)",
				);
				GCC_PREPROCESSOR_DEFINITIONS = (
					"DEBUG=1",
					"$(inherited)",
				);
				INFOPLIST_FILE = "Proyecto FinalTests/Info.plist";
				LD_RUNPATH_SEARCH_PATHS = "$(inherited) @executable_path/Frameworks @loader_path/Frameworks";
				PRODUCT_NAME = "$(TARGET_NAME)";
				TEST_HOST = "$(BUILT_PRODUCTS_DIR)/Proyecto Final.app/Proyecto Final";
			};
			name = Debug;
		};
		13159FE31AC228D30038084B /* Release */ = {
			isa = XCBuildConfiguration;
			buildSettings = {
				BUNDLE_LOADER = "$(TEST_HOST)";
				FRAMEWORK_SEARCH_PATHS = (
					"$(SDKROOT)/Developer/Library/Frameworks",
					"$(inherited)",
				);
				INFOPLIST_FILE = "Proyecto FinalTests/Info.plist";
				LD_RUNPATH_SEARCH_PATHS = "$(inherited) @executable_path/Frameworks @loader_path/Frameworks";
				PRODUCT_NAME = "$(TARGET_NAME)";
				TEST_HOST = "$(BUILT_PRODUCTS_DIR)/Proyecto Final.app/Proyecto Final";
			};
			name = Release;
		};
/* End XCBuildConfiguration section */

/* Begin XCConfigurationList section */
		13159FB61AC228D30038084B /* Build configuration list for PBXProject "Proyecto Final" */ = {
			isa = XCConfigurationList;
			buildConfigurations = (
				13159FDC1AC228D30038084B /* Debug */,
				13159FDD1AC228D30038084B /* Release */,
			);
			defaultConfigurationIsVisible = 0;
			defaultConfigurationName = Release;
		};
		13159FDE1AC228D30038084B /* Build configuration list for PBXNativeTarget "Proyecto Final" */ = {
			isa = XCConfigurationList;
			buildConfigurations = (
				13159FDF1AC228D30038084B /* Debug */,
				13159FE01AC228D30038084B /* Release */,
			);
			defaultConfigurationIsVisible = 0;
			defaultConfigurationName = Release;
		};
		13159FE11AC228D30038084B /* Build configuration list for PBXNativeTarget "Proyecto FinalTests" */ = {
			isa = XCConfigurationList;
			buildConfigurations = (
				13159FE21AC228D30038084B /* Debug */,
				13159FE31AC228D30038084B /* Release */,
			);
			defaultConfigurationIsVisible = 0;
			defaultConfigurationName = Release;
		};
/* End XCConfigurationList section */
	};
	rootObject = 13159FB31AC228D30038084B /* Project object */;
}
